
Microsoft Visual Studio Solution File, Format Version 12.00
# Visual Studio Version 17
VisualStudioVersion = 17.5.002.0
MinimumVisualStudioVersion = 10.0.40219.1
Project("{9A19103F-16F7-4668-BE54-9A1E7A4F7556}") = "api", "api\api.csproj", "{0751AB79-3C15-4B99-BABB-8FB0A51BD835}"
EndProject
Global
	GlobalSection(SolutionConfigurationPlatforms) = preSolution
		Debug|Any CPU = Debug|Any CPU
		Release|Any CPU = Release|Any CPU
	EndGlobalSection
	GlobalSection(ProjectConfigurationPlatforms) = postSolution
		{0751AB79-3C15-4B99-BABB-8FB0A51BD835}.Debug|Any CPU.ActiveCfg = Debug|Any CPU
		{0751AB79-3C15-4B99-BABB-8FB0A51BD835}.Debug|Any CPU.Build.0 = Debug|Any CPU
		{0751AB79-3C15-4B99-BABB-8FB0A51BD835}.Release|Any CPU.ActiveCfg = Release|Any CPU
		{0751AB79-3C15-4B99-BABB-8FB0A51BD835}.Release|Any CPU.Build.0 = Release|Any CPU
	EndGlobalSection
	GlobalSection(SolutionProperties) = preSolution
		HideSolutionNode = FALSE
	EndGlobalSection
	GlobalSection(ExtensibilityGlobals) = postSolution
		SolutionGuid = {EF0F7FE9-0089-49BA-BA9D-FFBE5F4E084B}
	EndGlobalSection
EndGlobal
